lockfileVersion: 5.3

specifiers:
  '@jxa/global-type': ^1.3.5
  '@jxa/run': ^1.3.5
  '@rollup/plugin-commonjs': ^22.0.0
  '@rollup/plugin-node-resolve': ^13.3.0
  '@rollup/plugin-typescript': ^8.3.2
  '@types/node': ^17.0.33
  node-fetch: ^3.2.5
  rollup: ^2.75.5
  ts-node: ^10.7.0
  tslib: ^2.4.0
  typescript: ^4.6.4

dependencies:
  '@jxa/global-type': registry.npmmirror.com/@jxa/global-type/1.3.5
  '@jxa/run': registry.npmmirror.com/@jxa/run/1.3.5
  node-fetch: registry.npmmirror.com/node-fetch/3.2.5

devDependencies:
  '@rollup/plugin-commonjs': registry.npmmirror.com/@rollup/plugin-commonjs/22.0.0_rollup@2.75.5
  '@rollup/plugin-node-resolve': registry.npmmirror.com/@rollup/plugin-node-resolve/13.3.0_rollup@2.75.5
  '@rollup/plugin-typescript': registry.npmmirror.com/@rollup/plugin-typescript/8.3.2_4684c982e372f021b25ad72b0d231a26
  '@types/node': registry.npmmirror.com/@types/node/17.0.38
  rollup: registry.npmmirror.com/rollup/2.75.5
  ts-node: registry.npmmirror.com/ts-node/10.8.0_3ffeca41e430ac205105ff1fe4cb5347
  tslib: registry.npmmirror.com/tslib/2.4.0
  typescript: registry.npmmirror.com/typescript/4.7.2

packages:

  registry.npmmirror.com/@cspotcode/source-map-support/0.8.1:
    resolution: {integrity: sha512-IchNf6dN4tHoMFIn/7OE8LWZ19Y6q/67Bmf6vnGREv8RSbBVb9LPJxEcnwrcwX6ixSvaiGoomAUvu4YSxXrVgw==, registry: https://registry.npm.taobao.org/, tarball: https://registry.npmmirror.com/@cspotcode/source-map-support/-/source-map-support-0.8.1.tgz}
    name: '@cspotcode/source-map-support'
    version: 0.8.1
    engines: {node: '>=12'}
    dependencies:
      '@jridgewell/trace-mapping': registry.npmmirror.com/@jridgewell/trace-mapping/0.3.9
    dev: true

  registry.npmmirror.com/@jridgewell/resolve-uri/3.0.7:
    resolution: {integrity: sha512-8cXDaBBHOr2pQ7j77Y6Vp5VDT2sIqWyWQ56TjEq4ih/a4iST3dItRe8Q9fp0rrIl9DoKhWQtUQz/YpOxLkXbNA==, registry: https://registry.npm.taobao.org/, tarball: https://registry.npmmirror.com/@jridgewell/resolve-uri/-/resolve-uri-3.0.7.tgz}
    name: '@jridgewell/resolve-uri'
    version: 3.0.7
    engines: {node: '>=6.0.0'}
    dev: true

  registry.npmmirror.com/@jridgewell/sourcemap-codec/1.4.13:
    resolution: {integrity: sha512-GryiOJmNcWbovBxTfZSF71V/mXbgcV3MewDe3kIMCLyIh5e7SKAeUZs+rMnJ8jkMolZ/4/VsdBmMrw3l+VdZ3w==, registry: https://registry.npm.taobao.org/, tarball: https://registry.npmmirror.com/@jridgewell/sourcemap-codec/-/sourcemap-codec-1.4.13.tgz}
    name: '@jridgewell/sourcemap-codec'
    version: 1.4.13
    dev: true

  registry.npmmirror.com/@jridgewell/trace-mapping/0.3.9:
    resolution: {integrity: sha512-3Belt6tdc8bPgAtbcmdtNJlirVoTmEb5e2gC94PnkwEW9jI6CAHUeoG85tjWP5WquqfavoMtMwiG4P926ZKKuQ==, registry: https://registry.npm.taobao.org/, tarball: https://registry.npmmirror.com/@jridgewell/trace-mapping/-/trace-mapping-0.3.9.tgz}
    name: '@jridgewell/trace-mapping'
    version: 0.3.9
    dependencies:
      '@jridgewell/resolve-uri': registry.npmmirror.com/@jridgewell/resolve-uri/3.0.7
      '@jridgewell/sourcemap-codec': registry.npmmirror.com/@jridgewell/sourcemap-codec/1.4.13
    dev: true

  registry.npmmirror.com/@jxa/global-type/1.3.5:
    resolution: {integrity: sha512-u8/KUGjhrB7dT2YQsP8ToKsKTnZQRoFhCdfFzdQG+iE6Tq01dbb8FLQ80PyNq5VaDwce2uQjac+KOhE9OlgHpw==, registry: https://registry.npm.taobao.org/, tarball: https://registry.npmmirror.com/@jxa/global-type/-/global-type-1.3.5.tgz}
    name: '@jxa/global-type'
    version: 1.3.5
    dependencies:
      '@jxa/types': registry.npmmirror.com/@jxa/types/1.3.5
    dev: false

  registry.npmmirror.com/@jxa/run/1.3.5:
    resolution: {integrity: sha512-mhBmDnkJKVHuOHSv4F2XkDWMA9Gpdi1CfUdpsVycK6SYkXg+Fo/r7vrAXJ9Zp/SIXCw7fLjFCZkb1bPq67g5GA==, registry: https://registry.npm.taobao.org/, tarball: https://registry.npmmirror.com/@jxa/run/-/run-1.3.5.tgz}
    name: '@jxa/run'
    version: 1.3.5
    dependencies:
      macos-version: registry.npmmirror.com/macos-version/5.2.1
    dev: false

  registry.npmmirror.com/@jxa/types/1.3.5:
    resolution: {integrity: sha512-8mSnVZosFvQmuqxm1qosUxfYuKfCpGC54pCTmk4LsJY0Zg8FHnZPkly89Kz1bSukCwRmiUQnobP3Zc/nEX/E9w==, registry: https://registry.npm.taobao.org/, tarball: https://registry.npmmirror.com/@jxa/types/-/types-1.3.5.tgz}
    name: '@jxa/types'
    version: 1.3.5
    dev: false

  registry.npmmirror.com/@rollup/plugin-commonjs/22.0.0_rollup@2.75.5:
    resolution: {integrity: sha512-Ktvf2j+bAO+30awhbYoCaXpBcyPmJbaEUYClQns/+6SNCYFURbvBiNbWgHITEsIgDDWCDUclWRKEuf8cwZCFoQ==, registry: https://registry.npm.taobao.org/, tarball: https://registry.npmmirror.com/@rollup/plugin-commonjs/-/plugin-commonjs-22.0.0.tgz}
    id: registry.npmmirror.com/@rollup/plugin-commonjs/22.0.0
    name: '@rollup/plugin-commonjs'
    version: 22.0.0
    engines: {node: '>= 12.0.0'}
    peerDependencies:
      rollup: ^2.68.0
    dependencies:
      '@rollup/pluginutils': registry.npmmirror.com/@rollup/pluginutils/3.1.0_rollup@2.75.5
      commondir: registry.npmmirror.com/commondir/1.0.1
      estree-walker: registry.npmmirror.com/estree-walker/2.0.2
      glob: registry.npmmirror.com/glob/7.2.3
      is-reference: registry.npmmirror.com/is-reference/1.2.1
      magic-string: registry.npmmirror.com/magic-string/0.25.9
      resolve: registry.npmmirror.com/resolve/1.22.0
      rollup: registry.npmmirror.com/rollup/2.75.5
    dev: true

  registry.npmmirror.com/@rollup/plugin-node-resolve/13.3.0_rollup@2.75.5:
    resolution: {integrity: sha512-Lus8rbUo1eEcnS4yTFKLZrVumLPY+YayBdWXgFSHYhTT2iJbMhoaaBL3xl5NCdeRytErGr8tZ0L71BMRmnlwSw==, registry: https://registry.npm.taobao.org/, tarball: https://registry.npmmirror.com/@rollup/plugin-node-resolve/-/plugin-node-resolve-13.3.0.tgz}
    id: registry.npmmirror.com/@rollup/plugin-node-resolve/13.3.0
    name: '@rollup/plugin-node-resolve'
    version: 13.3.0
    engines: {node: '>= 10.0.0'}
    peerDependencies:
      rollup: ^2.42.0
    dependencies:
      '@rollup/pluginutils': registry.npmmirror.com/@rollup/pluginutils/3.1.0_rollup@2.75.5
      '@types/resolve': registry.npmmirror.com/@types/resolve/1.17.1
      deepmerge: registry.npmmirror.com/deepmerge/4.2.2
      is-builtin-module: registry.npmmirror.com/is-builtin-module/3.1.0
      is-module: registry.npmmirror.com/is-module/1.0.0
      resolve: registry.npmmirror.com/resolve/1.22.0
      rollup: registry.npmmirror.com/rollup/2.75.5
    dev: true

  registry.npmmirror.com/@rollup/plugin-typescript/8.3.2_4684c982e372f021b25ad72b0d231a26:
    resolution: {integrity: sha512-MtgyR5LNHZr3GyN0tM7gNO9D0CS+Y+vflS4v/PHmrX17JCkHUYKvQ5jN5o3cz1YKllM3duXUqu3yOHwMPUxhDg==, registry: https://registry.npm.taobao.org/, tarball: https://registry.npmmirror.com/@rollup/plugin-typescript/-/plugin-typescript-8.3.2.tgz}
    id: registry.npmmirror.com/@rollup/plugin-typescript/8.3.2
    name: '@rollup/plugin-typescript'
    version: 8.3.2
    engines: {node: '>=8.0.0'}
    peerDependencies:
      rollup: ^2.14.0
      tslib: '*'
      typescript: '>=3.7.0'
    dependencies:
      '@rollup/pluginutils': registry.npmmirror.com/@rollup/pluginutils/3.1.0_rollup@2.75.5
      resolve: registry.npmmirror.com/resolve/1.22.0
      rollup: registry.npmmirror.com/rollup/2.75.5
      tslib: registry.npmmirror.com/tslib/2.4.0
      typescript: registry.npmmirror.com/typescript/4.7.2
    dev: true

  registry.npmmirror.com/@rollup/pluginutils/3.1.0_rollup@2.75.5:
    resolution: {integrity: sha512-GksZ6pr6TpIjHm8h9lSQ8pi8BE9VeubNT0OMJ3B5uZJ8pz73NPiqOtCog/x2/QzM1ENChPKxMDhiQuRHsqc+lg==, registry: https://registry.npm.taobao.org/, tarball: https://registry.npmmirror.com/@rollup/pluginutils/-/pluginutils-3.1.0.tgz}
    id: registry.npmmirror.com/@rollup/pluginutils/3.1.0
    name: '@rollup/pluginutils'
    version: 3.1.0
    engines: {node: '>= 8.0.0'}
    peerDependencies:
      rollup: ^1.20.0||^2.0.0
    dependencies:
      '@types/estree': registry.npmmirror.com/@types/estree/0.0.39
      estree-walker: registry.npmmirror.com/estree-walker/1.0.1
      picomatch: registry.npmmirror.com/picomatch/2.3.1
      rollup: registry.npmmirror.com/rollup/2.75.5
    dev: true

  registry.npmmirror.com/@tsconfig/node10/1.0.8:
    resolution: {integrity: sha512-6XFfSQmMgq0CFLY1MslA/CPUfhIL919M1rMsa5lP2P097N2Wd1sSX0tx1u4olM16fLNhtHZpRhedZJphNJqmZg==, registry: https://registry.npm.taobao.org/, tarball: https://registry.npmmirror.com/@tsconfig/node10/-/node10-1.0.8.tgz}
    name: '@tsconfig/node10'
    version: 1.0.8
    dev: true

  registry.npmmirror.com/@tsconfig/node12/1.0.9:
    resolution: {integrity: sha512-/yBMcem+fbvhSREH+s14YJi18sp7J9jpuhYByADT2rypfajMZZN4WQ6zBGgBKp53NKmqI36wFYDb3yaMPurITw==, registry: https://registry.npm.taobao.org/, tarball: https://registry.npmmirror.com/@tsconfig/node12/-/node12-1.0.9.tgz}
    name: '@tsconfig/node12'
    version: 1.0.9
    dev: true

  registry.npmmirror.com/@tsconfig/node14/1.0.1:
    resolution: {integrity: sha512-509r2+yARFfHHE7T6Puu2jjkoycftovhXRqW328PDXTVGKihlb1P8Z9mMZH04ebyajfRY7dedfGynlrFHJUQCg==, registry: https://registry.npm.taobao.org/, tarball: https://registry.npmmirror.com/@tsconfig/node14/-/node14-1.0.1.tgz}
    name: '@tsconfig/node14'
    version: 1.0.1
    dev: true

  registry.npmmirror.com/@tsconfig/node16/1.0.2:
    resolution: {integrity: sha512-eZxlbI8GZscaGS7kkc/trHTT5xgrjH3/1n2JDwusC9iahPKWMRvRjJSAN5mCXviuTGQ/lHnhvv8Q1YTpnfz9gA==, registry: https://registry.npm.taobao.org/, tarball: https://registry.npmmirror.com/@tsconfig/node16/-/node16-1.0.2.tgz}
    name: '@tsconfig/node16'
    version: 1.0.2
    dev: true

  registry.npmmirror.com/@types/estree/0.0.39:
    resolution: {integrity: sha512-EYNwp3bU+98cpU4lAWYYL7Zz+2gryWH1qbdDTidVd6hkiR6weksdbMadyXKXNPEkQFhXM+hVO9ZygomHXp+AIw==, registry: https://registry.npm.taobao.org/, tarball: https://registry.npmmirror.com/@types/estree/-/estree-0.0.39.tgz}
    name: '@types/estree'
    version: 0.0.39
    dev: true

  registry.npmmirror.com/@types/node/17.0.38:
    resolution: {integrity: sha512-5jY9RhV7c0Z4Jy09G+NIDTsCZ5G0L5n+Z+p+Y7t5VJHM30bgwzSjVtlcBxqAj+6L/swIlvtOSzr8rBk/aNyV2g==, registry: https://registry.npm.taobao.org/, tarball: https://registry.npmmirror.com/@types/node/-/node-17.0.38.tgz}
    name: '@types/node'
    version: 17.0.38
    dev: true

  registry.npmmirror.com/@types/resolve/1.17.1:
    resolution: {integrity: sha512-yy7HuzQhj0dhGpD8RLXSZWEkLsV9ibvxvi6EiJ3bkqLAO1RGo0WbkWQiwpRlSFymTJRz0d3k5LM3kkx8ArDbLw==, registry: https://registry.npm.taobao.org/, tarball: https://registry.npmmirror.com/@types/resolve/-/resolve-1.17.1.tgz}
    name: '@types/resolve'
    version: 1.17.1
    dependencies:
      '@types/node': registry.npmmirror.com/@types/node/17.0.38
    dev: true

  registry.npmmirror.com/acorn-walk/8.2.0:
    resolution: {integrity: sha512-k+iyHEuPgSw6SbuDpGQM+06HQUa04DZ3o+F6CSzXMvvI5KMvnaEqXe+YVe555R9nn6GPt404fos4wcgpw12SDA==, registry: https://registry.npm.taobao.org/, tarball: https://registry.npmmirror.com/acorn-walk/-/acorn-walk-8.2.0.tgz}
    name: acorn-walk
    version: 8.2.0
    engines: {node: '>=0.4.0'}
    dev: true

  registry.npmmirror.com/acorn/8.7.1:
    resolution: {integrity: sha512-Xx54uLJQZ19lKygFXOWsscKUbsBZW0CPykPhVQdhIeIwrbPmJzqeASDInc8nKBnp/JT6igTs82qPXz069H8I/A==, registry: https://registry.npm.taobao.org/, tarball: https://registry.npmmirror.com/acorn/-/acorn-8.7.1.tgz}
    name: acorn
    version: 8.7.1
    engines: {node: '>=0.4.0'}
    hasBin: true
    dev: true

  registry.npmmirror.com/arg/4.1.3:
    resolution: {integrity: sha512-58S9QDqG0Xx27YwPSt9fJxivjYl432YCwfDMfZ+71RAqUrZef7LrKQZ3LHLOwCS4FLNBplP533Zx895SeOCHvA==, registry: https://registry.npm.taobao.org/, tarball: https://registry.npmmirror.com/arg/-/arg-4.1.3.tgz}
    name: arg
    version: 4.1.3
    dev: true

  registry.npmmirror.com/balanced-match/1.0.2:
    resolution: {integrity: sha512-3oSeUO0TMV67hN1AmbXsK4yaqU7tjiHlbxRDZOpH0KW9+CeX4bRAaX0Anxt0tx2MrpRpWwQaPwIlISEJhYU5Pw==, registry: https://registry.npm.taobao.org/, tarball: https://registry.npmmirror.com/balanced-match/-/balanced-match-1.0.2.tgz}
    name: balanced-match
    version: 1.0.2
    dev: true

  registry.npmmirror.com/brace-expansion/1.1.11:
    resolution: {integrity: sha512-iCuPHDFgrHX7H2vEI/5xpz07zSHB00TpugqhmYtVmMO6518mCuRMoOYFldEBl0g187ufozdaHgWKcYFb61qGiA==, registry: https://registry.npm.taobao.org/, tarball: https://registry.npmmirror.com/brace-expansion/-/brace-expansion-1.1.11.tgz}
    name: brace-expansion
    version: 1.1.11
    dependencies:
      balanced-match: registry.npmmirror.com/balanced-match/1.0.2
      concat-map: registry.npmmirror.com/concat-map/0.0.1
    dev: true

  registry.npmmirror.com/builtin-modules/3.3.0:
    resolution: {integrity: sha512-zhaCDicdLuWN5UbN5IMnFqNMhNfo919sH85y2/ea+5Yg9TsTkeZxpL+JLbp6cgYFS4sRLp3YV4S6yDuqVWHYOw==, registry: https://registry.npm.taobao.org/, tarball: https://registry.npmmirror.com/builtin-modules/-/builtin-modules-3.3.0.tgz}
    name: builtin-modules
    version: 3.3.0
    engines: {node: '>=6'}
    dev: true

  registry.npmmirror.com/commondir/1.0.1:
    resolution: {integrity: sha512-W9pAhw0ja1Edb5GVdIF1mjZw/ASI0AlShXM83UUGe2DVr5TdAPEA1OA8m/g8zWp9x6On7gqufY+FatDbC3MDQg==, registry: https://registry.npm.taobao.org/, tarball: https://registry.npmmirror.com/commondir/-/commondir-1.0.1.tgz}
    name: commondir
    version: 1.0.1
    dev: true

  registry.npmmirror.com/concat-map/0.0.1:
    resolution: {integrity: sha512-/Srv4dswyQNBfohGpz9o6Yb3Gz3SrUDqBH5rTuhGR7ahtlbYKnVxw2bCFMRljaA7EXHaXZ8wsHdodFvbkhKmqg==, registry: https://registry.npm.taobao.org/, tarball: https://registry.npmmirror.com/concat-map/-/concat-map-0.0.1.tgz}
    name: concat-map
    version: 0.0.1
    dev: true

  registry.npmmirror.com/create-require/1.1.1:
    resolution: {integrity: sha512-dcKFX3jn0MpIaXjisoRvexIJVEKzaq7z2rZKxf+MSr9TkdmHmsU4m2lcLojrj/FHl8mk5VxMmYA+ftRkP/3oKQ==, registry: https://registry.npm.taobao.org/, tarball: https://registry.npmmirror.com/create-require/-/create-require-1.1.1.tgz}
    name: create-require
    version: 1.1.1
    dev: true

  registry.npmmirror.com/data-uri-to-buffer/4.0.0:
    resolution: {integrity: sha512-Vr3mLBA8qWmcuschSLAOogKgQ/Jwxulv3RNE4FXnYWRGujzrRWQI4m12fQqRkwX06C0KanhLr4hK+GydchZsaA==, registry: https://registry.npm.taobao.org/, tarball: https://registry.npmmirror.com/data-uri-to-buffer/-/data-uri-to-buffer-4.0.0.tgz}
    name: data-uri-to-buffer
    version: 4.0.0
    engines: {node: '>= 12'}
    dev: false

  registry.npmmirror.com/deepmerge/4.2.2:
    resolution: {integrity: sha512-FJ3UgI4gIl+PHZm53knsuSFpE+nESMr7M4v9QcgB7S63Kj/6WqMiFQJpBBYz1Pt+66bZpP3Q7Lye0Oo9MPKEdg==, registry: https://registry.npm.taobao.org/, tarball: https://registry.npmmirror.com/deepmerge/-/deepmerge-4.2.2.tgz}
    name: deepmerge
    version: 4.2.2
    engines: {node: '>=0.10.0'}
    dev: true

  registry.npmmirror.com/diff/4.0.2:
    resolution: {integrity: sha512-58lmxKSA4BNyLz+HHMUzlOEpg09FV+ev6ZMe3vJihgdxzgcwZ8VoEEPmALCZG9LmqfVoNMMKpttIYTVG6uDY7A==, registry: https://registry.npm.taobao.org/, tarball: https://registry.npmmirror.com/diff/-/diff-4.0.2.tgz}
    name: diff
    version: 4.0.2
    engines: {node: '>=0.3.1'}
    dev: true

  registry.npmmirror.com/estree-walker/1.0.1:
    resolution: {integrity: sha512-1fMXF3YP4pZZVozF8j/ZLfvnR8NSIljt56UhbZ5PeeDmmGHpgpdwQt7ITlGvYaQukCvuBRMLEiKiYC+oeIg4cg==, registry: https://registry.npm.taobao.org/, tarball: https://registry.npmmirror.com/estree-walker/-/estree-walker-1.0.1.tgz}
    name: estree-walker
    version: 1.0.1
    dev: true

  registry.npmmirror.com/estree-walker/2.0.2:
    resolution: {integrity: sha512-Rfkk/Mp/DL7JVje3u18FxFujQlTNR2q6QfMSMB7AvCBx91NGj/ba3kCfza0f6dVDbw7YlRf/nDrn7pQrCCyQ/w==, registry: https://registry.npm.taobao.org/, tarball: https://registry.npmmirror.com/estree-walker/-/estree-walker-2.0.2.tgz}
    name: estree-walker
    version: 2.0.2
    dev: true

  registry.npmmirror.com/fetch-blob/3.1.5:
    resolution: {integrity: sha512-N64ZpKqoLejlrwkIAnb9iLSA3Vx/kjgzpcDhygcqJ2KKjky8nCgUQ+dzXtbrLaWZGZNmNfQTsiQ0weZ1svglHg==, registry: https://registry.npm.taobao.org/, tarball: https://registry.npmmirror.com/fetch-blob/-/fetch-blob-3.1.5.tgz}
    name: fetch-blob
    version: 3.1.5
    engines: {node: ^12.20 || >= 14.13}
    dependencies:
      node-domexception: registry.npmmirror.com/node-domexception/1.0.0
      web-streams-polyfill: registry.npmmirror.com/web-streams-polyfill/3.2.1
    dev: false

  registry.npmmirror.com/formdata-polyfill/4.0.10:
    resolution: {integrity: sha512-buewHzMvYL29jdeQTVILecSaZKnt/RJWjoZCF5OW60Z67/GmSLBkOFM7qh1PI3zFNtJbaZL5eQu1vLfazOwj4g==, registry: https://registry.npm.taobao.org/, tarball: https://registry.npmmirror.com/formdata-polyfill/-/formdata-polyfill-4.0.10.tgz}
    name: formdata-polyfill
    version: 4.0.10
    engines: {node: '>=12.20.0'}
    dependencies:
      fetch-blob: registry.npmmirror.com/fetch-blob/3.1.5
    dev: false

  registry.npmmirror.com/fs.realpath/1.0.0:
    resolution: {integrity: sha512-OO0pH2lK6a0hZnAdau5ItzHPI6pUlvI7jMVnxUQRtw4owF2wk8lOSabtGDCTP4Ggrg2MbGnWO9X8K1t4+fGMDw==, registry: https://registry.npm.taobao.org/, tarball: https://registry.npmmirror.com/fs.realpath/-/fs.realpath-1.0.0.tgz}
    name: fs.realpath
    version: 1.0.0
    dev: true

  registry.npmmirror.com/fsevents/2.3.2:
    resolution: {integrity: sha512-xiqMQR4xAeHTuB9uWm+fFRcIOgKBMiOBP+eXiyT7jsgVCq1bkVygt00oASowB7EdtpOHaaPgKt812P9ab+DDKA==, registry: https://registry.npm.taobao.org/, tarball: https://registry.npmmirror.com/fsevents/-/fsevents-2.3.2.tgz}
    name: fsevents
    version: 2.3.2
    engines: {node: ^8.16.0 || ^10.6.0 || >=11.0.0}
    os: [darwin]
    requiresBuild: true
    dev: true
    optional: true

  registry.npmmirror.com/function-bind/1.1.1:
    resolution: {integrity: sha512-yIovAzMX49sF8Yl58fSCWJ5svSLuaibPxXQJFLmBObTuCr0Mf1KiPopGM9NiFjiYBCbfaa2Fh6breQ6ANVTI0A==, registry: https://registry.npm.taobao.org/, tarball: https://registry.npmmirror.com/function-bind/-/function-bind-1.1.1.tgz}
    name: function-bind
    version: 1.1.1
    dev: true

  registry.npmmirror.com/glob/7.2.3:
    resolution: {integrity: sha512-nFR0zLpU2YCaRxwoCJvL6UvCH2JFyFVIvwTLsIf21AuHlMskA1hhTdk+LlYJtOlYt9v6dvszD2BGRqBL+iQK9Q==, registry: https://registry.npm.taobao.org/, tarball: https://registry.npmmirror.com/glob/-/glob-7.2.3.tgz}
    name: glob
    version: 7.2.3
    dependencies:
      fs.realpath: registry.npmmirror.com/fs.realpath/1.0.0
      inflight: registry.npmmirror.com/inflight/1.0.6
      inherits: registry.npmmirror.com/inherits/2.0.4
      minimatch: registry.npmmirror.com/minimatch/3.1.2
      once: registry.npmmirror.com/once/1.4.0
      path-is-absolute: registry.npmmirror.com/path-is-absolute/1.0.1
    dev: true

  registry.npmmirror.com/has/1.0.3:
    resolution: {integrity: sha512-f2dvO0VU6Oej7RkWJGrehjbzMAjFp5/VKPp5tTpWIV4JHHZK1/BxbFRtf/siA2SWTe09caDmVtYYzWEIbBS4zw==, registry: https://registry.npm.taobao.org/, tarball: https://registry.npmmirror.com/has/-/has-1.0.3.tgz}
    name: has
    version: 1.0.3
    engines: {node: '>= 0.4.0'}
    dependencies:
      function-bind: registry.npmmirror.com/function-bind/1.1.1
    dev: true

  registry.npmmirror.com/inflight/1.0.6:
    resolution: {integrity: sha512-k92I/b08q4wvFscXCLvqfsHCrjrF7yiXsQuIVvVE7N82W3+aqpzuUdBbfhWcy/FZR3/4IgflMgKLOsvPDrGCJA==, registry: https://registry.npm.taobao.org/, tarball: https://registry.npmmirror.com/inflight/-/inflight-1.0.6.tgz}
    name: inflight
    version: 1.0.6
    dependencies:
      once: registry.npmmirror.com/once/1.4.0
      wrappy: registry.npmmirror.com/wrappy/1.0.2
    dev: true

  registry.npmmirror.com/inherits/2.0.4:
    resolution: {integrity: sha512-k/vGaX4/Yla3WzyMCvTQOXYeIHvqOKtnqBduzTHpzpQZzAskKMhZ2K+EnBiSM9zGSoIFeMpXKxa4dYeZIQqewQ==, registry: https://registry.npm.taobao.org/, tarball: https://registry.npmmirror.com/inherits/-/inherits-2.0.4.tgz}
    name: inherits
    version: 2.0.4
    dev: true

  registry.npmmirror.com/is-builtin-module/3.1.0:
    resolution: {integrity: sha512-OV7JjAgOTfAFJmHZLvpSTb4qi0nIILDV1gWPYDnDJUTNFM5aGlRAhk4QcT8i7TuAleeEV5Fdkqn3t4mS+Q11fg==, registry: https://registry.npm.taobao.org/, tarball: https://registry.npmmirror.com/is-builtin-module/-/is-builtin-module-3.1.0.tgz}
    name: is-builtin-module
    version: 3.1.0
    engines: {node: '>=6'}
    dependencies:
      builtin-modules: registry.npmmirror.com/builtin-modules/3.3.0
    dev: true

  registry.npmmirror.com/is-core-module/2.9.0:
    resolution: {integrity: sha512-+5FPy5PnwmO3lvfMb0AsoPaBG+5KHUI0wYFXOtYPnVVVspTFUuMZNfNaNVRt3FZadstu2c8x23vykRW/NBoU6A==, registry: https://registry.npm.taobao.org/, tarball: https://registry.npmmirror.com/is-core-module/-/is-core-module-2.9.0.tgz}
    name: is-core-module
    version: 2.9.0
    dependencies:
      has: registry.npmmirror.com/has/1.0.3
    dev: true

  registry.npmmirror.com/is-module/1.0.0:
    resolution: {integrity: sha512-51ypPSPCoTEIN9dy5Oy+h4pShgJmPCygKfyRCISBI+JoWT/2oJvK8QPxmwv7b/p239jXrm9M1mlQbyKJ5A152g==, registry: https://registry.npm.taobao.org/, tarball: https://registry.npmmirror.com/is-module/-/is-module-1.0.0.tgz}
    name: is-module
    version: 1.0.0
    dev: true

  registry.npmmirror.com/is-reference/1.2.1:
    resolution: {integrity: sha512-U82MsXXiFIrjCK4otLT+o2NA2Cd2g5MLoOVXUZjIOhLurrRxpEXzI8O0KZHr3IjLvlAH1kTPYSuqer5T9ZVBKQ==, registry: https://registry.npm.taobao.org/, tarball: https://registry.npmmirror.com/is-reference/-/is-reference-1.2.1.tgz}
    name: is-reference
    version: 1.2.1
    dependencies:
      '@types/estree': registry.npmmirror.com/@types/estree/0.0.39
    dev: true

  registry.npmmirror.com/macos-version/5.2.1:
    resolution: {integrity: sha512-OHJU8nTNxHYL1FQhD+nZawWgXKXAqDGr4kluLtaqKO4au3cR41y1mKuVShOU5U4rOYiuPanljq6oFGmV2B9DFA==, registry: https://registry.npm.taobao.org/, tarball: https://registry.npmmirror.com/macos-version/-/macos-version-5.2.1.tgz}
    name: macos-version
    version: 5.2.1
    engines: {node: '>=6'}
    dependencies:
      semver: registry.npmmirror.com/semver/5.7.1
    dev: false

  registry.npmmirror.com/magic-string/0.25.9:
    resolution: {integrity: sha512-RmF0AsMzgt25qzqqLc1+MbHmhdx0ojF2Fvs4XnOqz2ZOBXzzkEwc/dJQZCYHAn7v1jbVOjAZfK8msRn4BxO4VQ==, registry: https://registry.npm.taobao.org/, tarball: https://registry.npmmirror.com/magic-string/-/magic-string-0.25.9.tgz}
    name: magic-string
    version: 0.25.9
    dependencies:
      sourcemap-codec: registry.npmmirror.com/sourcemap-codec/1.4.8
    dev: true

  registry.npmmirror.com/make-error/1.3.6:
    resolution: {integrity: sha512-s8UhlNe7vPKomQhC1qFelMokr/Sc3AgNbso3n74mVPA5LTZwkB9NlXf4XPamLxJE8h0gh73rM94xvwRT2CVInw==, registry: https://registry.npm.taobao.org/, tarball: https://registry.npmmirror.com/make-error/-/make-error-1.3.6.tgz}
    name: make-error
    version: 1.3.6
    dev: true

  registry.npmmirror.com/minimatch/3.1.2:
    resolution: {integrity: sha512-J7p63hRiAjw1NDEww1W7i37+ByIrOWO5XQQAzZ3VOcL0PNybwpfmV/N05zFAzwQ9USyEcX6t3UO+K5aqBQOIHw==, registry: https://registry.npm.taobao.org/, tarball: https://registry.npmmirror.com/minimatch/-/minimatch-3.1.2.tgz}
    name: minimatch
    version: 3.1.2
    dependencies:
      brace-expansion: registry.npmmirror.com/brace-expansion/1.1.11
    dev: true

  registry.npmmirror.com/node-domexception/1.0.0:
    resolution: {integrity: sha512-/jKZoMpw0F8GRwl4/eLROPA3cfcXtLApP0QzLmUT/HuPCZWyB7IY9ZrMeKw2O/nFIqPQB3PVM9aYm0F312AXDQ==, registry: https://registry.npm.taobao.org/, tarball: https://registry.npmmirror.com/node-domexception/-/node-domexception-1.0.0.tgz}
    name: node-domexception
    version: 1.0.0
    engines: {node: '>=10.5.0'}
    dev: false

  registry.npmmirror.com/node-fetch/3.2.5:
    resolution: {integrity: sha512-u7zCHdJp8JXBwF09mMfo2CL6kp37TslDl1KP3hRGTlCInBtag+UO3LGVy+NF0VzvnL3PVMpA2hXh1EtECFnyhQ==, registry: https://registry.npm.taobao.org/, tarball: https://registry.npmmirror.com/node-fetch/-/node-fetch-3.2.5.tgz}
    name: node-fetch
    version: 3.2.5
    engines: {node: ^12.20.0 || ^14.13.1 || >=16.0.0}
    dependencies:
      data-uri-to-buffer: registry.npmmirror.com/data-uri-to-buffer/4.0.0
      fetch-blob: registry.npmmirror.com/fetch-blob/3.1.5
      formdata-polyfill: registry.npmmirror.com/formdata-polyfill/4.0.10
    dev: false

  registry.npmmirror.com/once/1.4.0:
    resolution: {integrity: sha512-lNaJgI+2Q5URQBkccEKHTQOPaXdUxnZZElQTZY0MFUAuaEqe1E+Nyvgdz/aIyNi6Z9MzO5dv1H8n58/GELp3+w==, registry: https://registry.npm.taobao.org/, tarball: https://registry.npmmirror.com/once/-/once-1.4.0.tgz}
    name: once
    version: 1.4.0
    dependencies:
      wrappy: registry.npmmirror.com/wrappy/1.0.2
    dev: true

  registry.npmmirror.com/path-is-absolute/1.0.1:
    resolution: {integrity: sha512-AVbw3UJ2e9bq64vSaS9Am0fje1Pa8pbGqTTsmXfaIiMpnr5DlDhfJOuLj9Sf95ZPVDAUerDfEk88MPmPe7UCQg==, registry: https://registry.npm.taobao.org/, tarball: https://registry.npmmirror.com/path-is-absolute/-/path-is-absolute-1.0.1.tgz}
    name: path-is-absolute
    version: 1.0.1
    engines: {node: '>=0.10.0'}
    dev: true

  registry.npmmirror.com/path-parse/1.0.7:
    resolution: {integrity: sha512-LDJzPVEEEPR+y48z93A0Ed0yXb8pAByGWo/k5YYdYgpY2/2EsOsksJrq7lOHxryrVOn1ejG6oAp8ahvOIQD8sw==, registry: https://registry.npm.taobao.org/, tarball: https://registry.npmmirror.com/path-parse/-/path-parse-1.0.7.tgz}
    name: path-parse
    version: 1.0.7
    dev: true

  registry.npmmirror.com/picomatch/2.3.1:
    resolution: {integrity: sha512-JU3teHTNjmE2VCGFzuY8EXzCDVwEqB2a8fsIvwaStHhAWJEeVd1o1QD80CU6+ZdEXXSLbSsuLwJjkCBWqRQUVA==, registry: https://registry.npm.taobao.org/, tarball: https://registry.npmmirror.com/picomatch/-/picomatch-2.3.1.tgz}
    name: picomatch
    version: 2.3.1
    engines: {node: '>=8.6'}
    dev: true

  registry.npmmirror.com/resolve/1.22.0:
    resolution: {integrity: sha512-Hhtrw0nLeSrFQ7phPp4OOcVjLPIeMnRlr5mcnVuMe7M/7eBn98A3hmFRLoFo3DLZkivSYwhRUJTyPyWAk56WLw==, registry: https://registry.npm.taobao.org/, tarball: https://registry.npmmirror.com/resolve/-/resolve-1.22.0.tgz}
    name: resolve
    version: 1.22.0
    hasBin: true
    dependencies:
      is-core-module: registry.npmmirror.com/is-core-module/2.9.0
      path-parse: registry.npmmirror.com/path-parse/1.0.7
      supports-preserve-symlinks-flag: registry.npmmirror.com/supports-preserve-symlinks-flag/1.0.0
    dev: true

  registry.npmmirror.com/rollup/2.75.5:
    resolution: {integrity: sha512-JzNlJZDison3o2mOxVmb44Oz7t74EfSd1SQrplQk0wSaXV7uLQXtVdHbxlcT3w+8tZ1TL4r/eLfc7nAbz38BBA==, registry: https://registry.npm.taobao.org/, tarball: https://registry.npmmirror.com/rollup/-/rollup-2.75.5.tgz}
    name: rollup
    version: 2.75.5
    engines: {node: '>=10.0.0'}
    hasBin: true
    optionalDependencies:
      fsevents: registry.npmmirror.com/fsevents/2.3.2
    dev: true

  registry.npmmirror.com/semver/5.7.1:
    resolution: {integrity: sha512-sauaDf/PZdVgrLTNYHRtpXa1iRiKcaebiKQ1BJdpQlWH2lCvexQdX55snPFyK7QzpudqbCI0qXFfOasHdyNDGQ==, registry: https://registry.npm.taobao.org/, tarball: https://registry.npmmirror.com/semver/-/semver-5.7.1.tgz}
    name: semver
    version: 5.7.1
    hasBin: true
    dev: false

  registry.npmmirror.com/sourcemap-codec/1.4.8:
    resolution: {integrity: sha512-9NykojV5Uih4lgo5So5dtw+f0JgJX30KCNI8gwhz2J9A15wD0Ml6tjHKwf6fTSa6fAdVBdZeNOs9eJ71qCk8vA==, registry: https://registry.npm.taobao.org/, tarball: https://registry.npmmirror.com/sourcemap-codec/-/sourcemap-codec-1.4.8.tgz}
    name: sourcemap-codec
    version: 1.4.8
    dev: true

  registry.npmmirror.com/supports-preserve-symlinks-flag/1.0.0:
    resolution: {integrity: sha512-ot0WnXS9fgdkgIcePe6RHNk1WA8+muPa6cSjeR3V8K27q9BB1rTE3R1p7Hv0z1ZyAc8s6Vvv8DIyWf681MAt0w==, registry: https://registry.npm.taobao.org/, tarball: https://registry.npmmirror.com/supports-preserve-symlinks-flag/-/supports-preserve-symlinks-flag-1.0.0.tgz}
    name: supports-preserve-symlinks-flag
    version: 1.0.0
    engines: {node: '>= 0.4'}
    dev: true

  registry.npmmirror.com/ts-node/10.8.0_3ffeca41e430ac205105ff1fe4cb5347:
    resolution: {integrity: sha512-/fNd5Qh+zTt8Vt1KbYZjRHCE9sI5i7nqfD/dzBBRDeVXZXS6kToW6R7tTU6Nd4XavFs0mAVCg29Q//ML7WsZYA==, registry: https://registry.npm.taobao.org/, tarball: https://registry.npmmirror.com/ts-node/-/ts-node-10.8.0.tgz}
    id: registry.npmmirror.com/ts-node/10.8.0
    name: ts-node
    version: 10.8.0
    hasBin: true
    peerDependencies:
      '@swc/core': '>=1.2.50'
      '@swc/wasm': '>=1.2.50'
      '@types/node': '*'
      typescript: '>=2.7'
    peerDependenciesMeta:
      '@swc/core':
        optional: true
      '@swc/wasm':
        optional: true
    dependencies:
      '@cspotcode/source-map-support': registry.npmmirror.com/@cspotcode/source-map-support/0.8.1
      '@tsconfig/node10': registry.npmmirror.com/@tsconfig/node10/1.0.8
      '@tsconfig/node12': registry.npmmirror.com/@tsconfig/node12/1.0.9
      '@tsconfig/node14': registry.npmmirror.com/@tsconfig/node14/1.0.1
      '@tsconfig/node16': registry.npmmirror.com/@tsconfig/node16/1.0.2
      '@types/node': registry.npmmirror.com/@types/node/17.0.38
      acorn: registry.npmmirror.com/acorn/8.7.1
      acorn-walk: registry.npmmirror.com/acorn-walk/8.2.0
      arg: registry.npmmirror.com/arg/4.1.3
      create-require: registry.npmmirror.com/create-require/1.1.1
      diff: registry.npmmirror.com/diff/4.0.2
      make-error: registry.npmmirror.com/make-error/1.3.6
      typescript: registry.npmmirror.com/typescript/4.7.2
      v8-compile-cache-lib: registry.npmmirror.com/v8-compile-cache-lib/3.0.1
      yn: registry.npmmirror.com/yn/3.1.1
    dev: true

  registry.npmmirror.com/tslib/2.4.0:
    resolution: {integrity: sha512-d6xOpEDfsi2CZVlPQzGeux8XMwLT9hssAsaPYExaQMuYskwb+x1x7J371tWlbBdWHroy99KnVB6qIkUbs5X3UQ==, registry: https://registry.npm.taobao.org/, tarball: https://registry.npmmirror.com/tslib/-/tslib-2.4.0.tgz}
    name: tslib
    version: 2.4.0
    dev: true

  registry.npmmirror.com/typescript/4.7.2:
    resolution: {integrity: sha512-Mamb1iX2FDUpcTRzltPxgWMKy3fhg0TN378ylbktPGPK/99KbDtMQ4W1hwgsbPAsG3a0xKa1vmw4VKZQbkvz5A==, registry: https://registry.npm.taobao.org/, tarball: https://registry.npmmirror.com/typescript/-/typescript-4.7.2.tgz}
    name: typescript
    version: 4.7.2
    engines: {node: '>=4.2.0'}
    hasBin: true
    dev: true

  registry.npmmirror.com/v8-compile-cache-lib/3.0.1:
    resolution: {integrity: sha512-wa7YjyUGfNZngI/vtK0UHAN+lgDCxBPCylVXGp0zu59Fz5aiGtNXaq3DhIov063MorB+VfufLh3JlF2KdTK3xg==, registry: https://registry.npm.taobao.org/, tarball: https://registry.npmmirror.com/v8-compile-cache-lib/-/v8-compile-cache-lib-3.0.1.tgz}
    name: v8-compile-cache-lib
    version: 3.0.1
    dev: true

  registry.npmmirror.com/web-streams-polyfill/3.2.1:
    resolution: {integrity: sha512-e0MO3wdXWKrLbL0DgGnUV7WHVuw9OUvL4hjgnPkIeEvESk74gAITi5G606JtZPp39cd8HA9VQzCIvA49LpPN5Q==, registry: https://registry.npm.taobao.org/, tarball: https://registry.npmmirror.com/web-streams-polyfill/-/web-streams-polyfill-3.2.1.tgz}
    name: web-streams-polyfill
    version: 3.2.1
    engines: {node: '>= 8'}
    dev: false

  registry.npmmirror.com/wrappy/1.0.2:
    resolution: {integrity: sha512-l4Sp/DRseor9wL6EvV2+TuQn63dMkPjZ/sp9XkghTEbV9KlPS1xUsZ3u7/IQO4wxtcFB4bgpQPRcR3QCvezPcQ==, registry: https://registry.npm.taobao.org/, tarball: https://registry.npmmirror.com/wrappy/-/wrappy-1.0.2.tgz}
    name: wrappy
    version: 1.0.2
    dev: true

  registry.npmmirror.com/yn/3.1.1:
    resolution: {integrity: sha512-Ux4ygGWsu2c7isFWe8Yu1YluJmqVhxqK2cLXNQA5AcC3QfbGNpM7fu0Y8b/z16pXLnFxZYvWhd3fhBY9DLmC6Q==, registry: https://registry.npm.taobao.org/, tarball: https://registry.npmmirror.com/yn/-/yn-3.1.1.tgz}
    name: yn
    version: 3.1.1
    engines: {node: '>=6'}
    dev: true
